{
  "originHash" : "f89d38d8de81ad0024433015c4ba4ef9c4c0f510ffd591385a6f128ac1281032",
  "pins" : [
    {
      "identity" : "jsonrpc",
      "kind" : "remoteSourceControl",
      "location" : "https://github.com/gsabran/JSONRPC",
      "state" : {
        "revision" : "56c936de4e4385287dc18f260557dbdf443a55bd",
        "version" : "0.9.1"
      }
    },
    {
      "identity" : "mcp-swift-sdk",
      "kind" : "remoteSourceControl",
      "location" : "https://github.com/gsabran/mcp-swift-sdk",
      "state" : {
        "revision" : "001947d6e85e9db30b4e11ef2cf75126643043f2",
        "version" : "0.2.2"
      }
    },
    {
      "identity" : "swift-json-schema",
      "kind" : "remoteSourceControl",
      "location" : "https://github.com/ajevans99/swift-json-schema",
      "state" : {
        "revision" : "707fc4c2d53138e8fbb4ee9e6669b050ba4b2239",
        "version" : "0.3.2"
      }
    },
    {
      "identity" : "swift-memberwise-init-macro",
      "kind" : "remoteSourceControl",
      "location" : "https://github.com/gohanlon/swift-memberwise-init-macro",
      "state" : {
        "revision" : "47a2bdf45f1567e7324438f8482e362ee1c3fb44",
        "version" : "0.5.2"
      }
    },
    {
      "identity" : "swift-syntax",
      "kind" : "remoteSourceControl",
      "location" : "https://github.com/swiftlang/swift-syntax",
      "state" : {
        "revision" : "0687f71944021d616d34d922343dcef086855920",
        "version" : "600.0.1"
      }
    },
    {
      "identity" : "swiftanthropic",
      "kind" : "remoteSourceControl",
      "location" : "https://github.com/jamesrochabrun/SwiftAnthropic",
      "state" : {
        "branch" : "main",
        "revision" : "e71ff4df0a2ab4e85fb492f02322980858a8157c"
      }
    },
    {
      "identity" : "swiftopenai",
      "kind" : "remoteSourceControl",
      "location" : "https://github.com/jamesrochabrun/SwiftOpenAI",
      "state" : {
        "branch" : "main",
        "revision" : "8bb0ffc621b27f7cb40d49bb1166ee19862224b4"
      }
    }
  ],
  "version" : 3
}
